
Microsoft Visual Studio Solution File, Format Version 12.00
# Visual Studio Version 16
VisualStudioVersion = 16.0.34601.136
MinimumVisualStudioVersion = 10.0.40219.1
Project("{FAE04EC0-301F-11D3-BF4B-00C04F79EFBC}") = "Test 1", "Test 1\Test 1.csproj", "{8AA42194-8D6E-4853-A278-0614FB42CC34}"
EndProject
Global
	GlobalSection(SolutionConfigurationPlatforms) = preSolution
		Debug|Any CPU = Debug|Any CPU
		Release|Any CPU = Release|Any CPU
	EndGlobalSection
	GlobalSection(ProjectConfigurationPlatforms) = postSolution
		{8AA42194-8D6E-4853-A278-0614FB42CC34}.Debug|Any CPU.ActiveCfg = Debug|Any CPU
		{8AA42194-8D6E-4853-A278-0614FB42CC34}.Debug|Any CPU.Build.0 = Debug|Any CPU
		{8AA42194-8D6E-4853-A278-0614FB42CC34}.Release|Any CPU.ActiveCfg = Release|Any CPU
		{8AA42194-8D6E-4853-A278-0614FB42CC34}.Release|Any CPU.Build.0 = Release|Any CPU
	EndGlobalSection
	GlobalSection(SolutionProperties) = preSolution
		HideSolutionNode = FALSE
	EndGlobalSection
	GlobalSection(ExtensibilityGlobals) = postSolution
		SolutionGuid = {DCBCD98D-02DE-4968-8814-F88C13FE0DB2}
	EndGlobalSection
EndGlobal
